
Microsoft Visual Studio Solution File, Format Version 12.00
# Visual Studio Version 17
VisualStudioVersion = 17.8.34316.72
MinimumVisualStudioVersion = 10.0.40219.1
Project("{9A19103F-16F7-4668-BE54-9A1E7A4F7556}") = "AvaloniaLearning", "AvaloniaLearning\AvaloniaLearning.csproj", "{64EE8FD1-E7C9-40E9-837B-FFF141500D0C}"
EndProject
Project("{9A19103F-16F7-4668-BE54-9A1E7A4F7556}") = "AvaloniaLearning.Desktop", "AvaloniaLearning.Desktop\AvaloniaLearning.Desktop.csproj", "{66091805-9E22-444E-A5E7-1E5C24EBEA45}"
EndProject
Global
	GlobalSection(SolutionConfigurationPlatforms) = preSolution
		Debug|Any CPU = Debug|Any CPU
		Release|Any CPU = Release|Any CPU
	EndGlobalSection
	GlobalSection(ProjectConfigurationPlatforms) = postSolution
		{64EE8FD1-E7C9-40E9-837B-FFF141500D0C}.Debug|Any CPU.ActiveCfg = Debug|Any CPU
		{64EE8FD1-E7C9-40E9-837B-FFF141500D0C}.Debug|Any CPU.Build.0 = Debug|Any CPU
		{64EE8FD1-E7C9-40E9-837B-FFF141500D0C}.Release|Any CPU.ActiveCfg = Release|Any CPU
		{64EE8FD1-E7C9-40E9-837B-FFF141500D0C}.Release|Any CPU.Build.0 = Release|Any CPU
		{66091805-9E22-444E-A5E7-1E5C24EBEA45}.Debug|Any CPU.ActiveCfg = Debug|Any CPU
		{66091805-9E22-444E-A5E7-1E5C24EBEA45}.Debug|Any CPU.Build.0 = Debug|Any CPU
		{66091805-9E22-444E-A5E7-1E5C24EBEA45}.Release|Any CPU.ActiveCfg = Release|Any CPU
		{66091805-9E22-444E-A5E7-1E5C24EBEA45}.Release|Any CPU.Build.0 = Release|Any CPU
	EndGlobalSection
	GlobalSection(SolutionProperties) = preSolution
		HideSolutionNode = FALSE
	EndGlobalSection
	GlobalSection(ExtensibilityGlobals) = postSolution
		SolutionGuid = {7A306C7A-F6D8-441B-8FF2-F4A688F8027F}
	EndGlobalSection
EndGlobal
